{
  "R": {
    "Version": "3.6.3",
    "Repositories": [
      {
        "Name": "Bioconductor",
        "URL": "https://bioconductor.org/packages/3.11/bioc"
      },
      {
        "Name": "BioconductorAnnotation",
        "URL": "https://bioconductor.org/packages/3.11/data/annotation"
      },
      {
        "Name": "BioconductorExperiment",
        "URL": "https://bioconductor.org/packages/3.11/data/experiment"
      },
      {
        "Name": "CRAN",
        "URL": "https://cloud.r-project.org"
      }
    ]
  },
  "Packages": {
    "AnnotationDbi": {
      "Package": "AnnotationDbi",
      "Version": "1.50.3",
      "Source": "URL",
      "RemoteType": "url",
      "RemoteUrl": "https://bioconductor.org/packages/3.11/bioc/src/contrib/AnnotationDbi_1.50.3.tar.gz",
      "git_url": "https://git.bioconductor.org/packages/AnnotationDbi",
      "git_branch": "RELEASE_3_11",
      "git_last_commit": "efa119c",
      "git_last_commit_date": "2020-07-24",
      "Hash": "8118f8655ad5604099a0e8ac14090f91",
      "Requirements": [
        "Biobase",
        "BiocGenerics",
        "DBI",
        "IRanges",
        "RSQLite",
        "S4Vectors"
      ]
    },
    "BH": {
      "Package": "BH",
      "Version": "1.72.0-3",
      "Source": "Repository",
      "Repository": "CRAN",
      "Hash": "8f9ce74c6417d61f0782cbae5fd2b7b0",
      "Requirements": []
    },
    "Biobase": {
      "Package": "Biobase",
      "Version": "2.48.0",
      "Source": "Bioconductor",
      "git_url": "https://git.bioconductor.org/packages/Biobase",
      "git_branch": "RELEASE_3_11",
      "git_last_commit": "4ffadf2",
      "git_last_commit_date": "2020-04-27",
      "Hash": "da9b1bc36fb35ebbec219dc007657f21",
      "Requirements": [
        "BiocGenerics"
      ]
    },
    "BiocGenerics": {
      "Package": "BiocGenerics",
      "Version": "0.34.0",
      "Source": "Bioconductor",
      "git_url": "https://git.bioconductor.org/packages/BiocGenerics",
      "git_branch": "RELEASE_3_11",
      "git_last_commit": "f7c2020",
      "git_last_commit_date": "2020-04-27",
      "Hash": "ae191b5608f175de0f69b6302390c705",
      "Requirements": []
    },
    "BiocManager": {
      "Package": "BiocManager",
      "Version": "1.30.19",
      "Source": "Repository",
      "Repository": "CRAN",
      "Hash": "726b3bc83ff8e0c35c7efdb74a462b0d",
      "Requirements": []
    },
    "DBI": {
      "Package": "DBI",
      "Version": "1.0.0",
      "Source": "Repository",
      "Repository": "CRAN",
      "Hash": "7bc8be0e425da29fe0e10f792bdbb74b",
      "Requirements": []
    },
    "DT": {
      "Package": "DT",
      "Version": "0.14",
      "Source": "Repository",
      "Repository": "CRAN",
      "Hash": "a3580ce0309c94d061c23b0afb4accbd",
      "Requirements": [
        "crosstalk",
        "htmltools",
        "htmlwidgets",
        "jsonlite",
        "magrittr",
        "promises"
      ]
    },
    "IRanges": {
      "Package": "IRanges",
      "Version": "2.22.2",
      "Source": "Bioconductor",
      "git_url": "https://git.bioconductor.org/packages/IRanges",
      "git_branch": "RELEASE_3_11",
      "git_last_commit": "8c5e991",
      "git_last_commit_date": "2020-05-20",
      "Hash": "1403fa5c98c5f48b989a6bc5a65c6c25",
      "Requirements": [
        "BiocGenerics",
        "S4Vectors"
      ]
    },
    "KernSmooth": {
      "Package": "KernSmooth",
      "Version": "2.23-20",
      "Source": "Repository",
      "Repository": "CRAN",
      "Hash": "8dcfa99b14c296bc9f1fd64d52fd3ce7",
      "Requirements": []
    },
    "MASS": {
      "Package": "MASS",
      "Version": "7.3-58",
      "Source": "Repository",
      "Repository": "CRAN",
      "Hash": "4bf2c61e656bbc238634c798c208d386",
      "Requirements": []
    },
    "Matrix": {
      "Package": "Matrix",
      "Version": "1.5-1",
      "Source": "Repository",
      "Repository": "CRAN",
      "Hash": "539dc0c0c05636812f1080f473d2c177",
      "Requirements": [
        "lattice"
      ]
    },
    "R6": {
      "Package": "R6",
      "Version": "2.4.0",
      "Source": "Repository",
      "Repository": "CRAN",
      "Hash": "d4618c4cb36bc46831551c5d85815818",
      "Requirements": []
    },
    "RSQLite": {
      "Package": "RSQLite",
      "Version": "2.1.1",
      "Source": "Repository",
      "Repository": "CRAN",
      "Hash": "78c7eac4e23d9cbc194b7439bfc45079",
      "Requirements": [
        "BH",
        "DBI",
        "Rcpp",
        "bit64",
        "blob",
        "memoise",
        "pkgconfig",
        "plogr"
      ]
    },
    "Rcpp": {
      "Package": "Rcpp",
      "Version": "1.0.1",
      "Source": "Repository",
      "Repository": "CRAN",
      "Hash": "d5ae8445d4972caed1c5517ffae908d7",
      "Requirements": []
    },
    "S4Vectors": {
      "Package": "S4Vectors",
      "Version": "0.26.1",
      "Source": "Bioconductor",
      "git_url": "https://git.bioconductor.org/packages/S4Vectors",
      "git_branch": "RELEASE_3_11",
      "git_last_commit": "935769c",
      "git_last_commit_date": "2020-05-15",
      "Hash": "c252d04c13a3a6667d3cc140360780f1",
      "Requirements": [
        "BiocGenerics"
      ]
    },
    "askpass": {
      "Package": "askpass",
      "Version": "1.1",
      "Source": "Repository",
      "Repository": "CRAN",
      "Hash": "e8a22846fff485f0be3770c2da758713",
      "Requirements": [
        "sys"
      ]
    },
    "assertthat": {
      "Package": "assertthat",
      "Version": "0.2.1",
      "Source": "Repository",
      "Repository": "CRAN",
      "Hash": "50c838a310445e954bc13f26f26a6ecf",
      "Requirements": []
    },
    "backports": {
      "Package": "backports",
      "Version": "1.1.8",
      "Source": "Repository",
      "Repository": "CRAN",
      "Hash": "3ef0eac19317fd03c0c854aed581d473",
      "Requirements": []
    },
    "base64enc": {
      "Package": "base64enc",
      "Version": "0.1-3",
      "Source": "Repository",
      "Repository": "CRAN",
      "Hash": "543776ae6848fde2f48ff3816d0628bc",
      "Requirements": []
    },
    "bit": {
      "Package": "bit",
      "Version": "1.1-14",
      "Source": "Repository",
      "Repository": "CRAN",
      "Hash": "ac0b4115f7bddd07e733e1ac1697c687",
      "Requirements": []
    },
    "bit64": {
      "Package": "bit64",
      "Version": "0.9-7",
      "Source": "Repository",
      "Repository": "CRAN",
      "Hash": "3338d4a9b1352f5a613e2bdcefe784ea",
      "Requirements": [
        "bit"
      ]
    },
    "blob": {
      "Package": "blob",
      "Version": "1.1.1",
      "Source": "Repository",
      "Repository": "CRAN",
      "Hash": "3ce988193cfb67e59fde06121bd9f8be",
      "Requirements": [
        "prettyunits"
      ]
    },
    "boot": {
      "Package": "boot",
      "Version": "1.3-28",
      "Source": "Repository",
      "Repository": "CRAN",
      "Hash": "0baa960e3b49c6176a4f42addcbacc59",
      "Requirements": []
    },
    "brew": {
      "Package": "brew",
      "Version": "1.0-6",
      "Source": "Repository",
      "Repository": "CRAN",
      "Hash": "92a5f887f9ae3035ac7afde22ba73ee9",
      "Requirements": []
    },
    "callr": {
      "Package": "callr",
      "Version": "3.4.3",
      "Source": "Repository",
      "Repository": "CRAN",
      "Hash": "643163a00cb536454c624883a10ae0bc",
      "Requirements": [
        "R6",
        "processx"
      ]
    },
    "class": {
      "Package": "class",
      "Version": "7.3-20",
      "Source": "Repository",
      "Repository": "CRAN",
      "Hash": "da09d82223e669d270e47ed24ac8686e",
      "Requirements": [
        "MASS"
      ]
    },
    "cli": {
      "Package": "cli",
      "Version": "3.6.0",
      "Source": "Repository",
      "Repository": "CRAN",
      "Hash": "3177a5a16c243adc199ba33117bd9657",
      "Requirements": []
    },
    "clipr": {
      "Package": "clipr",
      "Version": "0.7.0",
      "Source": "Repository",
      "Repository": "CRAN",
      "Hash": "08cf4045c149a0f0eaf405324c7495bd",
      "Requirements": []
    },
    "cluster": {
      "Package": "cluster",
      "Version": "2.1.4",
      "Source": "Repository",
      "Repository": "CRAN",
      "Hash": "5edbbabab6ce0bf7900a74fd4358628e",
      "Requirements": []
    },
    "codetools": {
      "Package": "codetools",
      "Version": "0.2-16",
      "Source": "Repository",
      "Repository": "CRAN",
      "Hash": "89cf4b8207269ccf82fbeb6473fd662b",
      "Requirements": []
    },
    "commonmark": {
      "Package": "commonmark",
      "Version": "1.7",
      "Source": "Repository",
      "Repository": "CRAN",
      "Hash": "0f22be39ec1d141fd03683c06f3a6e67",
      "Requirements": []
    },
    "covr": {
      "Package": "covr",
      "Version": "3.5.0",
      "Source": "Repository",
      "Repository": "CRAN",
      "Hash": "cbc6df1ef6ee576f844f973c1fc04ab4",
      "Requirements": [
        "crayon",
        "digest",
        "httr",
        "jsonlite",
        "rex",
        "withr",
        "yaml"
      ]
    },
    "crayon": {
      "Package": "crayon",
      "Version": "1.3.4",
      "Source": "Repository",
      "Repository": "CRAN",
      "Hash": "0d57bc8e27b7ba9e45dba825ebc0de6b",
      "Requirements": []
    },
    "crosstalk": {
      "Package": "crosstalk",
      "Version": "1.1.0.1",
      "Source": "Repository",
      "Repository": "CRAN",
      "Hash": "ae55f5d7c02f0ab43c58dd050694f2b4",
      "Requirements": [
        "R6",
        "htmltools",
        "jsonlite",
        "lazyeval"
      ]
    },
    "curl": {
      "Package": "curl",
      "Version": "4.3",
      "Source": "Repository",
      "Repository": "CRAN",
      "Hash": "2b7d10581cc730804e9ed178c8374bd6",
      "Requirements": []
    },
    "data.table": {
      "Package": "data.table",
      "Version": "1.11.0",
      "Source": "Repository",
      "Repository": "CRAN",
      "Hash": "e3c68af9852f074f4895ba72b2e65b0f",
      "Requirements": []
    },
    "desc": {
      "Package": "desc",
      "Version": "1.2.0",
      "Source": "Repository",
      "Repository": "CRAN",
      "Hash": "6c8fe8fa26a23b79949375d372c7b395",
      "Requirements": [
        "R6",
        "assertthat",
        "crayon",
        "rprojroot"
      ]
    },
    "devtools": {
      "Package": "devtools",
      "Version": "2.3.1",
      "Source": "Repository",
      "Repository": "CRAN",
      "Hash": "271df6a328617c64149283e98b1cd8da",
      "Requirements": [
        "DT",
        "callr",
        "cli",
        "covr",
        "desc",
        "ellipsis",
        "httr",
        "jsonlite",
        "memoise",
        "pkgbuild",
        "pkgload",
        "rcmdcheck",
        "remotes",
        "rlang",
        "roxygen2",
        "rstudioapi",
        "rversions",
        "sessioninfo",
        "testthat",
        "usethis",
        "withr"
      ]
    },
    "digest": {
      "Package": "digest",
      "Version": "0.6.18",
      "Source": "Repository",
      "Repository": "CRAN",
      "Hash": "496dd262e1ec64e452151479a74c972f",
      "Requirements": []
    },
    "doParallel": {
      "Package": "doParallel",
      "Version": "1.0.11",
      "Source": "Repository",
      "Repository": "CRAN",
      "Hash": "b96d7b9fff2027367cc36de12e6bf6a1",
      "Requirements": [
        "foreach",
        "iterators"
      ]
    },
    "dplyr": {
      "Package": "dplyr",
      "Version": "1.0.2",
      "Source": "Repository",
      "Repository": "CRAN",
      "Hash": "d0509913b27ea898189ee664b6030dc2",
      "Requirements": [
        "R6",
        "ellipsis",
        "generics",
        "glue",
        "lifecycle",
        "magrittr",
        "rlang",
        "tibble",
        "tidyselect",
        "vctrs"
      ]
    },
    "ellipsis": {
      "Package": "ellipsis",
      "Version": "0.3.1",
      "Source": "Repository",
      "Repository": "CRAN",
      "Hash": "fd2844b3a43ae2d27e70ece2df1b4e2a",
      "Requirements": [
        "rlang"
      ]
    },
    "evaluate": {
      "Package": "evaluate",
      "Version": "0.14",
      "Source": "Repository",
      "Repository": "CRAN",
      "Hash": "ec8ca05cffcc70569eaaad8469d2a3a7",
      "Requirements": []
    },
    "fansi": {
      "Package": "fansi",
      "Version": "0.4.0",
      "Source": "Repository",
      "Repository": "CRAN",
      "Hash": "b31d9e5d051553d1177083aeba04b5b9",
      "Requirements": []
    },
    "ff": {
      "Package": "ff",
      "Version": "2.2-14",
      "Source": "Repository",
      "Repository": "CRAN",
      "Hash": "2f745ad9a324bf4247df10ea6ebc3953",
      "Requirements": [
        "bit"
      ]
    },
    "foreach": {
      "Package": "foreach",
      "Version": "1.4.4",
      "Source": "Repository",
      "Repository": "CRAN",
      "Hash": "c179d1dd8abd4b888214d44f4de2359a",
      "Requirements": [
        "codetools",
        "iterators"
      ]
    },
    "foreign": {
      "Package": "foreign",
      "Version": "0.8-76",
      "Source": "Repository",
      "Repository": "CRAN",
      "Hash": "649b9c7a979d50d869578c73fed072cd",
      "Requirements": []
    },
    "fs": {
      "Package": "fs",
      "Version": "1.4.2",
      "Source": "Repository",
      "Repository": "CRAN",
      "Hash": "8c04112383ca1988e96f429255f95675",
      "Requirements": []
    },
    "generics": {
      "Package": "generics",
      "Version": "0.1.3",
      "Source": "Repository",
      "Repository": "CRAN",
      "Hash": "15e9634c0fcd294799e9b2e929ed1b86",
      "Requirements": []
    },
    "getopt": {
      "Package": "getopt",
      "Version": "1.20.3",
      "Source": "Repository",
      "Repository": "CRAN",
      "Hash": "ad68e3263f0bc9269aab8c2039440117",
      "Requirements": []
    },
    "gh": {
      "Package": "gh",
      "Version": "1.1.0",
      "Source": "Repository",
      "Repository": "CRAN",
      "Hash": "89ea5998938d1ad55f035c8a86f96b74",
      "Requirements": [
        "cli",
        "httr",
        "ini",
        "jsonlite"
      ]
    },
    "git2r": {
      "Package": "git2r",
      "Version": "0.27.1",
      "Source": "Repository",
      "Repository": "CRAN",
      "Hash": "531a82d1beed1f545beb25f4f5945bf7",
      "Requirements": []
    },
    "glue": {
      "Package": "glue",
      "Version": "1.6.2",
      "Source": "Repository",
      "Repository": "CRAN",
      "Hash": "4f2596dfb05dac67b9dc558e5c6fba2e",
      "Requirements": []
    },
    "highr": {
      "Package": "highr",
      "Version": "0.8",
      "Source": "Repository",
      "Repository": "CRAN",
      "Hash": "4dc5bb88961e347a0f4d8aad597cbfac",
      "Requirements": []
    },
    "htmltools": {
      "Package": "htmltools",
      "Version": "0.5.0",
      "Source": "Repository",
      "Repository": "CRAN",
      "Hash": "7d651b7131794fe007b1ad6f21aaa401",
      "Requirements": [
        "base64enc",
        "digest",
        "rlang"
      ]
    },
    "htmlwidgets": {
      "Package": "htmlwidgets",
      "Version": "1.5.1",
      "Source": "Repository",
      "Repository": "CRAN",
      "Hash": "41bace23583fbc25089edae324de2dc3",
      "Requirements": [
        "htmltools",
        "jsonlite",
        "yaml"
      ]
    },
    "httr": {
      "Package": "httr",
      "Version": "1.4.2",
      "Source": "Repository",
      "Repository": "CRAN",
      "Hash": "a525aba14184fec243f9eaec62fbed43",
      "Requirements": [
        "R6",
        "curl",
        "jsonlite",
        "mime",
        "openssl"
      ]
    },
    "illuminaHumanv1.db": {
      "Package": "illuminaHumanv1.db",
      "Version": "1.26.0",
      "Source": "URL",
      "RemoteType": "url",
      "RemoteUrl": "https://bioconductor.org/packages/3.11/data/annotation/src/contrib/illuminaHumanv1.db_1.26.0.tar.gz",
      "Hash": "0a3a1bbd72e9e7fbaf45c2f526e0860b",
      "Requirements": [
        "AnnotationDbi",
        "org.Hs.eg.db"
      ]
    },
    "illuminaHumanv2.db": {
      "Package": "illuminaHumanv2.db",
      "Version": "1.26.0",
      "Source": "URL",
      "RemoteType": "url",
      "RemoteUrl": "https://bioconductor.org/packages/3.11/data/annotation/src/contrib/illuminaHumanv2.db_1.26.0.tar.gz",
      "Hash": "00bfc88c78a89609c090c452faba5463",
      "Requirements": [
        "AnnotationDbi",
        "org.Hs.eg.db"
      ]
    },
    "illuminaHumanv3.db": {
      "Package": "illuminaHumanv3.db",
      "Version": "1.26.0",
      "Source": "URL",
      "RemoteType": "url",
      "RemoteUrl": "https://bioconductor.org/packages/3.11/data/annotation/src/contrib/illuminaHumanv3.db_1.26.0.tar.gz",
      "Hash": "d9caa9d6721eaa23570c7ce120fb85e5",
      "Requirements": [
        "AnnotationDbi",
        "org.Hs.eg.db"
      ]
    },
    "illuminaHumanv4.db": {
      "Package": "illuminaHumanv4.db",
      "Version": "1.26.0",
      "Source": "URL",
      "RemoteType": "url",
      "RemoteUrl": "https://bioconductor.org/packages/3.11/data/annotation/src/contrib/illuminaHumanv4.db_1.26.0.tar.gz",
      "Hash": "f39df79d54bc50cc06091ef4c25bf68e",
      "Requirements": [
        "AnnotationDbi",
        "org.Hs.eg.db"
      ]
    },
    "illuminaMousev1.db": {
      "Package": "illuminaMousev1.db",
      "Version": "1.26.0",
      "Source": "URL",
      "RemoteType": "url",
      "RemoteUrl": "https://bioconductor.org/packages/3.11/data/annotation/src/contrib/illuminaMousev1.db_1.26.0.tar.gz",
      "Hash": "2ba4014bef28915740cb0a5cfe98cb8a",
      "Requirements": [
        "AnnotationDbi",
        "org.Mm.eg.db"
      ]
    },
    "illuminaMousev1p1.db": {
      "Package": "illuminaMousev1p1.db",
      "Version": "1.26.0",
      "Source": "URL",
      "RemoteType": "url",
      "RemoteUrl": "https://bioconductor.org/packages/3.11/data/annotation/src/contrib/illuminaMousev1p1.db_1.26.0.tar.gz",
      "Hash": "6ff4f1afb020fe555bb4869a3a3deae1",
      "Requirements": [
        "AnnotationDbi",
        "org.Mm.eg.db"
      ]
    },
    "illuminaMousev2.db": {
      "Package": "illuminaMousev2.db",
      "Version": "1.26.0",
      "Source": "URL",
      "RemoteType": "url",
      "RemoteUrl": "https://bioconductor.org/packages/3.11/data/annotation/src/contrib/illuminaMousev2.db_1.26.0.tar.gz",
      "Hash": "3c26b8c0fbbcbda9e0ac427474d17b88",
      "Requirements": [
        "AnnotationDbi",
        "org.Mm.eg.db"
      ]
    },
    "illuminaRatv1.db": {
      "Package": "illuminaRatv1.db",
      "Version": "1.26.0",
      "Source": "URL",
      "RemoteType": "url",
      "RemoteUrl": "https://bioconductor.org/packages/3.11/data/annotation/src/contrib/illuminaRatv1.db_1.26.0.tar.gz",
      "Hash": "3163ade3bc5aa76bcfb4e791b60db7f6",
      "Requirements": [
        "AnnotationDbi",
        "org.Rn.eg.db"
      ]
    },
    "ini": {
      "Package": "ini",
      "Version": "0.3.1",
      "Source": "Repository",
      "Repository": "CRAN",
      "Hash": "6154ec2223172bce8162d4153cda21f7",
      "Requirements": []
    },
    "iterators": {
      "Package": "iterators",
      "Version": "1.0.10",
      "Source": "Repository",
      "Repository": "CRAN",
      "Hash": "02caec9a169f9344577950df8f70aaa8",
      "Requirements": []
    },
    "jsonlite": {
      "Package": "jsonlite",
      "Version": "1.7.0",
      "Source": "Repository",
      "Repository": "CRAN",
      "Hash": "2657f20b9a74c996c602e74ebe540b06",
      "Requirements": []
    },
    "knitr": {
      "Package": "knitr",
      "Version": "1.29",
      "Source": "Repository",
      "Repository": "CRAN",
      "Hash": "e5f4c41c17df8cdf7b0df12117c0d99a",
      "Requirements": [
        "evaluate",
        "highr",
        "markdown",
        "stringr",
        "xfun",
        "yaml"
      ]
    },
    "later": {
      "Package": "later",
      "Version": "1.1.0.1",
      "Source": "Repository",
      "Repository": "CRAN",
      "Hash": "d0a62b247165aabf397fded504660d8a",
      "Requirements": [
        "BH",
        "Rcpp",
        "rlang"
      ]
    },
    "lattice": {
      "Package": "lattice",
      "Version": "0.20-45",
      "Source": "Repository",
      "Repository": "CRAN",
      "Hash": "b64cdbb2b340437c4ee047a1f4c4377b",
      "Requirements": []
    },
    "lazyeval": {
      "Package": "lazyeval",
      "Version": "0.2.1",
      "Source": "Repository",
      "Repository": "CRAN",
      "Hash": "ea5964121f493fb3057e9887d424f634",
      "Requirements": []
    },
    "lifecycle": {
      "Package": "lifecycle",
      "Version": "1.0.3",
      "Source": "Repository",
      "Repository": "CRAN",
      "Hash": "001cecbeac1cff9301bdc3775ee46a86",
      "Requirements": [
        "cli",
        "glue",
        "rlang"
      ]
    },
    "magrittr": {
      "Package": "magrittr",
      "Version": "1.5",
      "Source": "Repository",
      "Repository": "CRAN",
      "Hash": "1bb58822a20301cee84a41678e25d9b7",
      "Requirements": []
    },
    "markdown": {
      "Package": "markdown",
      "Version": "1.1",
      "Source": "Repository",
      "Repository": "CRAN",
      "Hash": "61e4a10781dd00d7d81dd06ca9b94e95",
      "Requirements": [
        "mime",
        "xfun"
      ]
    },
    "memoise": {
      "Package": "memoise",
      "Version": "1.1.0",
      "Source": "Repository",
      "Repository": "CRAN",
      "Hash": "58baa74e4603fcfb9a94401c58c8f9b1",
      "Requirements": [
        "digest"
      ]
    },
    "mgcv": {
      "Package": "mgcv",
      "Version": "1.8-41",
      "Source": "Repository",
      "Repository": "CRAN",
      "Hash": "6b3904f13346742caa3e82dd0303d4ad",
      "Requirements": [
        "Matrix",
        "nlme"
      ]
    },
    "mime": {
      "Package": "mime",
      "Version": "0.9",
      "Source": "Repository",
      "Repository": "CRAN",
      "Hash": "e87a35ec73b157552814869f45a63aa3",
      "Requirements": []
    },
    "nlme": {
      "Package": "nlme",
      "Version": "3.1-161",
      "Source": "Repository",
      "Repository": "CRAN",
      "Hash": "b49e163093c0ef46fbbfc40bcb87916c",
      "Requirements": [
        "lattice"
      ]
    },
    "nnet": {
      "Package": "nnet",
      "Version": "7.3-18",
      "Source": "Repository",
      "Repository": "CRAN",
      "Hash": "170da2130d5332bea7d6ede01875ba1d",
      "Requirements": []
    },
    "openssl": {
      "Package": "openssl",
      "Version": "1.4.2",
      "Source": "Repository",
      "Repository": "CRAN",
      "Hash": "b3209c62052922b6c629544d94c8fa8a",
      "Requirements": [
        "askpass"
      ]
    },
    "optparse": {
      "Package": "optparse",
      "Version": "1.4.4",
      "Source": "Repository",
      "Repository": "CRAN",
      "Hash": "803e834713c77eda6c233965977b2c58",
      "Requirements": [
        "getopt"
      ]
    },
    "org.Hs.eg.db": {
      "Package": "org.Hs.eg.db",
      "Version": "3.11.4",
      "Source": "Bioconductor",
      "Hash": "30e8ecad485994b19435671c36a36290",
      "Requirements": [
        "AnnotationDbi"
      ]
    },
    "org.Mm.eg.db": {
      "Package": "org.Mm.eg.db",
      "Version": "3.11.4",
      "Source": "Bioconductor",
      "Hash": "133273535e42fadf1d244ef36e372811",
      "Requirements": [
        "AnnotationDbi"
      ]
    },
    "org.Rn.eg.db": {
      "Package": "org.Rn.eg.db",
      "Version": "3.11.4",
      "Source": "Bioconductor",
      "Hash": "ed8c8527c724a46e6b446f7cc4d5f1bd",
      "Requirements": [
        "AnnotationDbi"
      ]
    },
    "pillar": {
      "Package": "pillar",
      "Version": "1.8.1",
      "Source": "Repository",
      "Repository": "CRAN",
      "Hash": "f2316df30902c81729ae9de95ad5a608",
      "Requirements": [
        "cli",
        "fansi",
        "glue",
        "lifecycle",
        "rlang",
        "utf8",
        "vctrs"
      ]
    },
    "pkgbuild": {
      "Package": "pkgbuild",
      "Version": "1.1.0",
      "Source": "Repository",
      "Repository": "CRAN",
      "Hash": "404684bc4e3685007f9720adf13b06c1",
      "Requirements": [
        "R6",
        "callr",
        "cli",
        "crayon",
        "desc",
        "prettyunits",
        "rprojroot",
        "withr"
      ]
    },
    "pkgconfig": {
      "Package": "pkgconfig",
      "Version": "2.0.2",
      "Source": "Repository",
      "Repository": "CRAN",
      "Hash": "f5940986fb19bcef52284068baeb3f29",
      "Requirements": []
    },
    "pkgload": {
      "Package": "pkgload",
      "Version": "1.1.0",
      "Source": "Repository",
      "Repository": "CRAN",
      "Hash": "b6b150cd4709e0c0c9b5d51ac4376282",
      "Requirements": [
        "cli",
        "crayon",
        "desc",
        "pkgbuild",
        "rlang",
        "rprojroot",
        "rstudioapi",
        "withr"
      ]
    },
    "plogr": {
      "Package": "plogr",
      "Version": "0.2.0",
      "Source": "Repository",
      "Repository": "CRAN",
      "Hash": "09eb987710984fc2905c7129c7d85e65",
      "Requirements": []
    },
    "plyr": {
      "Package": "plyr",
      "Version": "1.8.4",
      "Source": "Repository",
      "Repository": "CRAN",
      "Hash": "23026346e3e0f023f326919320627a01",
      "Requirements": [
        "Rcpp"
      ]
    },
    "praise": {
      "Package": "praise",
      "Version": "1.0.0",
      "Source": "Repository",
      "Repository": "CRAN",
      "Hash": "a555924add98c99d2f411e37e7d25e9f",
      "Requirements": []
    },
    "prettyunits": {
      "Package": "prettyunits",
      "Version": "1.0.2",
      "Source": "Repository",
      "Repository": "CRAN",
      "Hash": "f3c960f0105f2ed179460864979fc37c",
      "Requirements": [
        "assertthat",
        "magrittr"
      ]
    },
    "processx": {
      "Package": "processx",
      "Version": "3.4.3",
      "Source": "Repository",
      "Repository": "CRAN",
      "Hash": "f4f13345fcb00c51ace12f65dd18749f",
      "Requirements": [
        "R6",
        "ps"
      ]
    },
    "promises": {
      "Package": "promises",
      "Version": "1.1.1",
      "Source": "Repository",
      "Repository": "CRAN",
      "Hash": "a8730dcbdd19f9047774909f0ec214a4",
      "Requirements": [
        "R6",
        "Rcpp",
        "later",
        "magrittr",
        "rlang"
      ]
    },
    "ps": {
      "Package": "ps",
      "Version": "1.3.3",
      "Source": "Repository",
      "Repository": "CRAN",
      "Hash": "425d938eb9c02906a8ac98c0c2a306b5",
      "Requirements": []
    },
    "purrr": {
      "Package": "purrr",
      "Version": "0.3.3",
      "Source": "Repository",
      "Repository": "CRAN",
      "Hash": "22aca7d1181718e927d403a8c2d69d62",
      "Requirements": [
        "magrittr",
        "rlang"
      ]
    },
    "rcmdcheck": {
      "Package": "rcmdcheck",
      "Version": "1.3.3",
      "Source": "Repository",
      "Repository": "CRAN",
      "Hash": "ed95895886dab6d2a584da45503555da",
      "Requirements": [
        "R6",
        "callr",
        "cli",
        "crayon",
        "desc",
        "digest",
        "pkgbuild",
        "prettyunits",
        "rprojroot",
        "sessioninfo",
        "withr",
        "xopen"
      ]
    },
    "rematch2": {
      "Package": "rematch2",
      "Version": "2.1.2",
      "Source": "Repository",
      "Repository": "CRAN",
      "Hash": "76c9e04c712a05848ae7a23d2f170a40",
      "Requirements": [
        "tibble"
      ]
    },
    "remotes": {
      "Package": "remotes",
      "Version": "2.2.0",
      "Source": "Repository",
      "Repository": "CRAN",
      "Hash": "430a0908aee75b1fcba0e62857cab0ce",
      "Requirements": []
    },
    "renv": {
      "Package": "renv",
      "Version": "0.16.0",
      "Source": "Repository",
      "Repository": "CRAN",
      "Hash": "c9e8442ab69bc21c9697ecf856c1e6c7",
      "Requirements": []
    },
    "reshape2": {
      "Package": "reshape2",
      "Version": "1.4.3",
      "Source": "Repository",
      "Repository": "CRAN",
      "Hash": "15a23ad30f51789188e439599559815c",
      "Requirements": [
        "Rcpp",
        "plyr",
        "stringr"
      ]
    },
    "rex": {
      "Package": "rex",
      "Version": "1.2.0",
      "Source": "Repository",
      "Repository": "CRAN",
      "Hash": "093584b944440c5cd07a696b3c8e0e4c",
      "Requirements": [
        "lazyeval"
      ]
    },
    "rlang": {
      "Package": "rlang",
      "Version": "1.0.6",
      "Source": "Repository",
      "Repository": "CRAN",
      "Hash": "4ed1f8336c8d52c3e750adcdc57228a7",
      "Requirements": []
    },
    "roxygen2": {
      "Package": "roxygen2",
      "Version": "7.1.1",
      "Source": "Repository",
      "Repository": "CRAN",
      "Hash": "fcd94e00cc409b25d07ca50f7bf339f5",
      "Requirements": [
        "R6",
        "Rcpp",
        "brew",
        "commonmark",
        "desc",
        "digest",
        "knitr",
        "pkgload",
        "purrr",
        "rlang",
        "stringi",
        "stringr",
        "xml2"
      ]
    },
    "rpart": {
      "Package": "rpart",
      "Version": "4.1.19",
      "Source": "Repository",
      "Repository": "CRAN",
      "Hash": "b3c892a81783376cc2204af0f5805a80",
      "Requirements": []
    },
    "rprojroot": {
      "Package": "rprojroot",
      "Version": "1.3-2",
      "Source": "Repository",
      "Repository": "CRAN",
      "Hash": "f6a407ae5dd21f6f80a6708bbb6eb3ae",
      "Requirements": [
        "backports"
      ]
    },
    "rstudioapi": {
      "Package": "rstudioapi",
      "Version": "0.11",
      "Source": "Repository",
      "Repository": "CRAN",
      "Hash": "33a5b27a03da82ac4b1d43268f80088a",
      "Requirements": []
    },
    "rversions": {
      "Package": "rversions",
      "Version": "2.0.2",
      "Source": "Repository",
      "Repository": "CRAN",
      "Hash": "0ec41191f744d0f5afad8c6f35cc36e4",
      "Requirements": [
        "curl",
        "xml2"
      ]
    },
    "sessioninfo": {
      "Package": "sessioninfo",
      "Version": "1.1.1",
      "Source": "Repository",
      "Repository": "CRAN",
      "Hash": "308013098befe37484df72c39cf90d6e",
      "Requirements": [
        "cli",
        "withr"
      ]
    },
    "spatial": {
      "Package": "spatial",
      "Version": "7.3-11",
      "Source": "Repository",
      "Repository": "CRAN",
      "Hash": "f27a078d834614513608da2c08031130",
      "Requirements": []
    },
    "stringi": {
      "Package": "stringi",
      "Version": "1.4.3",
      "Source": "Repository",
      "Repository": "CRAN",
      "Hash": "74a50760af835563fb2c124e66aa134e",
      "Requirements": []
    },
    "stringr": {
      "Package": "stringr",
      "Version": "1.4.0",
      "Source": "Repository",
      "Repository": "CRAN",
      "Hash": "0759e6b6c0957edb1311028a49a35e76",
      "Requirements": [
        "glue",
        "magrittr",
        "stringi"
      ]
    },
    "survival": {
      "Package": "survival",
      "Version": "3.4-0",
      "Source": "Repository",
      "Repository": "CRAN",
      "Hash": "04411ae66ab4659230c067c32966fc20",
      "Requirements": [
        "Matrix"
      ]
    },
    "sys": {
      "Package": "sys",
      "Version": "3.4",
      "Source": "Repository",
      "Repository": "CRAN",
      "Hash": "b227d13e29222b4574486cfcbde077fa",
      "Requirements": []
    },
    "testthat": {
      "Package": "testthat",
      "Version": "2.3.2",
      "Source": "Repository",
      "Repository": "CRAN",
      "Hash": "0829b987b8961fb07f3b1b64a2fbc495",
      "Requirements": [
        "R6",
        "cli",
        "crayon",
        "digest",
        "ellipsis",
        "evaluate",
        "magrittr",
        "pkgload",
        "praise",
        "rlang",
        "withr"
      ]
    },
    "tibble": {
      "Package": "tibble",
      "Version": "3.1.8",
      "Source": "Repository",
      "Repository": "CRAN",
      "Hash": "56b6934ef0f8c68225949a8672fe1a8f",
      "Requirements": [
        "fansi",
        "lifecycle",
        "magrittr",
        "pillar",
        "pkgconfig",
        "rlang",
        "vctrs"
      ]
    },
    "tidyselect": {
      "Package": "tidyselect",
      "Version": "1.2.0",
      "Source": "Repository",
      "Repository": "CRAN",
      "Hash": "79540e5fcd9e0435af547d885f184fd5",
      "Requirements": [
        "cli",
        "glue",
        "lifecycle",
        "rlang",
        "vctrs",
        "withr"
      ]
    },
    "usethis": {
      "Package": "usethis",
      "Version": "1.6.1",
      "Source": "Repository",
      "Repository": "CRAN",
      "Hash": "e1985f5a9985fea2e338fa7eb99018ca",
      "Requirements": [
        "cli",
        "clipr",
        "crayon",
        "curl",
        "desc",
        "fs",
        "gh",
        "git2r",
        "glue",
        "purrr",
        "rematch2",
        "rlang",
        "rprojroot",
        "rstudioapi",
        "whisker",
        "withr",
        "yaml"
      ]
    },
    "utf8": {
      "Package": "utf8",
      "Version": "1.1.4",
      "Source": "Repository",
      "Repository": "CRAN",
      "Hash": "4a5081acfb7b81a572e4384a7aaf2af1",
      "Requirements": []
    },
    "vctrs": {
      "Package": "vctrs",
      "Version": "0.5.1",
      "Source": "Repository",
      "Repository": "CRAN",
      "Hash": "970324f6572b4fd81db507b5d4062cb0",
      "Requirements": [
        "cli",
        "glue",
        "lifecycle",
        "rlang"
      ]
    },
    "whisker": {
      "Package": "whisker",
      "Version": "0.4",
      "Source": "Repository",
      "Repository": "CRAN",
      "Hash": "ca970b96d894e90397ed20637a0c1bbe",
      "Requirements": []
    },
    "withr": {
      "Package": "withr",
      "Version": "2.2.0",
      "Source": "Repository",
      "Repository": "CRAN",
      "Hash": "ecd17882a0b4419545691e095b74ee89",
      "Requirements": []
    },
    "xfun": {
      "Package": "xfun",
      "Version": "0.16",
      "Source": "Repository",
      "Repository": "CRAN",
      "Hash": "b4106139b90981a8bfea9c10bab0baf1",
      "Requirements": []
    },
    "xml2": {
      "Package": "xml2",
      "Version": "1.3.2",
      "Source": "Repository",
      "Repository": "CRAN",
      "Hash": "d4d71a75dd3ea9eb5fa28cc21f9585e2",
      "Requirements": []
    },
    "xopen": {
      "Package": "xopen",
      "Version": "1.0.0",
      "Source": "Repository",
      "Repository": "CRAN",
      "Hash": "6c85f015dee9cc7710ddd20f86881f58",
      "Requirements": [
        "processx"
      ]
    },
    "yaml": {
      "Package": "yaml",
      "Version": "2.2.1",
      "Source": "Repository",
      "Repository": "CRAN",
      "Hash": "2826c5d9efb0a88f657c7a679c7106db",
      "Requirements": []
    }
  }
}
